
Microsoft Visual Studio Solution File, Format Version 12.00
# Visual Studio 15
VisualStudioVersion = 15.0.27004.2010
MinimumVisualStudioVersion = 10.0.40219.1
Project("{9A19103F-16F7-4668-BE54-9A1E7A4F7556}") = "CreateThumbnail", "CreateThumbnail\CreateThumbnail.csproj", "{B9873C0B-8191-49C6-9CF6-61AA029B0143}"
EndProject
Global
	GlobalSection(SolutionConfigurationPlatforms) = preSolution
		Debug|Any CPU = Debug|Any CPU
		Release|Any CPU = Release|Any CPU
	EndGlobalSection
	GlobalSection(ProjectConfigurationPlatforms) = postSolution
		{B9873C0B-8191-49C6-9CF6-61AA029B0143}.Debug|Any CPU.ActiveCfg = Debug|Any CPU
		{B9873C0B-8191-49C6-9CF6-61AA029B0143}.Debug|Any CPU.Build.0 = Debug|Any CPU
		{B9873C0B-8191-49C6-9CF6-61AA029B0143}.Release|Any CPU.ActiveCfg = Release|Any CPU
		{B9873C0B-8191-49C6-9CF6-61AA029B0143}.Release|Any CPU.Build.0 = Release|Any CPU
	EndGlobalSection
	GlobalSection(SolutionProperties) = preSolution
		HideSolutionNode = FALSE
	EndGlobalSection
	GlobalSection(ExtensibilityGlobals) = postSolution
		SolutionGuid = {BE2F0DF8-7985-43CA-938E-E93106D328F8}
	EndGlobalSection
EndGlobal
